
Microsoft Visual Studio Solution File, Format Version 12.00
# Visual Studio 15
Project("{FAE04EC0-301F-11D3-BF4B-00C04F79EFBC}") = "Calculator", "Calculator\Calculator.csproj", "{A6A1EF48-7B16-4D5B-B747-1EFF8E5EB374}"
EndProject
Global
	GlobalSection(SolutionConfigurationPlatforms) = preSolution
		Debug|anycpu = Debug|anycpu
		Release|anycpu = Release|anycpu
	EndGlobalSection
	GlobalSection(ProjectConfigurationPlatforms) = postSolution
		{A6A1EF48-7B16-4D5B-B747-1EFF8E5EB374}.Debug|anycpu.ActiveCfg = Debug|anycpu
		{A6A1EF48-7B16-4D5B-B747-1EFF8E5EB374}.Debug|anycpu.Build.0 = Debug|anycpu
		{A6A1EF48-7B16-4D5B-B747-1EFF8E5EB374}.Release|anycpu.ActiveCfg = Release|anycpu
		{A6A1EF48-7B16-4D5B-B747-1EFF8E5EB374}.Release|anycpu.Build.0 = Release|anycpu
	EndGlobalSection
EndGlobal
